# This file was autogenerated by uv via the following command:
#    uv pip compile pyproject.toml -o uv.lock
anyio==4.9.0
    # via httpx
blinker==1.9.0
    # via flask
certifi==2025.6.15
    # via
    #   httpcore
    #   httpx
click==8.2.1
    # via flask
fal-client==0.7.0
    # via 4o-ghibli-at-home (pyproject.toml)
flask==3.1.1
    # via
    #   4o-ghibli-at-home (pyproject.toml)
    #   flask-cors
flask-cors==6.0.1
    # via 4o-ghibli-at-home (pyproject.toml)
h11==0.16.0
    # via httpcore
httpcore==1.0.9
    # via httpx
httpx==0.28.1
    # via fal-client
httpx-sse==0.4.1
    # via fal-client
idna==3.10
    # via
    #   anyio
    #   httpx
itsdangerous==2.2.0
    # via flask
jinja2==3.1.6
    # via flask
loguru==0.7.3
    # via 4o-ghibli-at-home (pyproject.toml)
markupsafe==3.0.2
    # via
    #   flask
    #   jinja2
    #   werkzeug
python-dotenv==1.1.1
    # via 4o-ghibli-at-home (pyproject.toml)
sniffio==1.3.1
    # via anyio
typing-extensions==4.14.1
    # via anyio
werkzeug==3.1.3
    # via
    #   flask
    #   flask-cors
